// !$*UTF8*$!
{
	archiveVersion = 1;
	classes = {
	};
	objectVersion = 50;
	objects = {

/* Begin PBXBuildFile section */
		1AA57A175FE6F4C3AA761BA2 /* Pods_RealmCRUD.framework in Frameworks */ = {isa = PBXBuildFile; fileRef = AF4E48E3640FBC7CAF8C02A4 /* Pods_RealmCRUD.framework */; };
		B69F9CBB21E7878000C9837F /* AppDelegate.swift in Sources */ = {isa = PBXBuildFile; fileRef = B69F9CBA21E7878000C9837F /* AppDelegate.swift */; };
		B69F9CBD21E7878000C9837F /* ViewController.swift in Sources */ = {isa = PBXBuildFile; fileRef = B69F9CBC21E7878000C9837F /* ViewController.swift */; };
		B69F9CC021E7878000C9837F /* Main.storyboard in Resources */ = {isa = PBXBuildFile; fileRef = B69F9CBE21E7878000C9837F /* Main.storyboard */; };
		B69F9CC221E7878100C9837F /* Assets.xcassets in Resources */ = {isa = PBXBuildFile; fileRef = B69F9CC121E7878100C9837F /* Assets.xcassets */; };
		B69F9CC521E7878100C9837F /* LaunchScreen.storyboard in Resources */ = {isa = PBXBuildFile; fileRef = B69F9CC321E7878100C9837F /* LaunchScreen.storyboard */; };
/* End PBXBuildFile section */

/* Begin PBXFileReference section */
		46F69CA5E96B4942BF8253FC /* Pods-RealmCRUD.release.xcconfig */ = {isa = PBXFileReference; includeInIndex = 1; lastKnownFileType = text.xcconfig; name = "Pods-RealmCRUD.release.xcconfig"; path = "Pods/Target Support Files/Pods-RealmCRUD/Pods-RealmCRUD.release.xcconfig"; sourceTree = "<group>"; };
		AF4E48E3640FBC7CAF8C02A4 /* Pods_RealmCRUD.framework */ = {isa = PBXFileReference; explicitFileType = wrapper.framework; includeInIndex = 0; path = Pods_RealmCRUD.framework; sourceTree = BUILT_PRODUCTS_DIR; };
		B69F9CB721E7878000C9837F /* RealmCRUD.app */ = {isa = PBXFileReference; explicitFileType = wrapper.application; includeInIndex = 0; path = RealmCRUD.app; sourceTree = BUILT_PRODUCTS_DIR; };
		B69F9CBA21E7878000C9837F /* AppDelegate.swift */ = {isa = PBXFileReference; lastKnownFileType = sourcecode.swift; path = AppDelegate.swift; sourceTree = "<group>"; };
		B69F9CBC21E7878000C9837F /* ViewController.swift */ = {isa = PBXFileReference; lastKnownFileType = sourcecode.swift; path = ViewController.swift; sourceTree = "<group>"; };
		B69F9CBF21E7878000C9837F /* Base */ = {isa = PBXFileReference; lastKnownFileType = file.storyboard; name = Base; path = Base.lproj/Main.storyboard; sourceTree = "<group>"; };
		B69F9CC121E7878100C9837F /* Assets.xcassets */ = {isa = PBXFileReference; lastKnownFileType = folder.assetcatalog; path = Assets.xcassets; sourceTree = "<group>"; };
		B69F9CC421E7878100C9837F /* Base */ = {isa = PBXFileReference; lastKnownFileType = file.storyboard; name = Base; path = Base.lproj/LaunchScreen.storyboard; sourceTree = "<group>"; };
		B69F9CC621E7878100C9837F /* Info.plist */ = {isa = PBXFileReference; lastKnownFileType = text.plist.xml; path = Info.plist; sourceTree = "<group>"; };
		F71E50551E36D5784C739395 /* Pods-RealmCRUD.debug.xcconfig */ = {isa = PBXFileReference; includeInIndex = 1; lastKnownFileType = text.xcconfig; name = "Pods-RealmCRUD.debug.xcconfig"; path = "Pods/Target Support Files/Pods-RealmCRUD/Pods-RealmCRUD.debug.xcconfig"; sourceTree = "<group>"; };
/* End PBXFileReference section */

/* Begin PBXFrameworksBuildPhase section */
		B69F9CB421E7878000C9837F /* Frameworks */ = {
			isa = PBXFrameworksBuildPhase;
			buildActionMask = 2147483647;
			files = (
				1AA57A175FE6F4C3AA761BA2 /* Pods_RealmCRUD.framework in Frameworks */,
			);
			runOnlyForDeploymentPostprocessing = 0;
		};
/* End PBXFrameworksBuildPhase section */

/* Begin PBXGroup section */
		2BD2E3BBA25A4D10198DD2EA /* Pods */ = {
			isa = PBXGroup;
			children = (
				F71E50551E36D5784C739395 /* Pods-RealmCRUD.debug.xcconfig */,
				46F69CA5E96B4942BF8253FC /* Pods-RealmCRUD.release.xcconfig */,
			);
			name = Pods;
			sourceTree = "<group>";
		};
		46CAA57EB0F7822751068A37 /* Frameworks */ = {
			isa = PBXGroup;
			children = (
				AF4E48E3640FBC7CAF8C02A4 /* Pods_RealmCRUD.framework */,
			);
			name = Frameworks;
			sourceTree = "<group>";
		};
		B69F9CAE21E7877F00C9837F = {
			isa = PBXGroup;
			children = (
				B69F9CB921E7878000C9837F /* RealmCRUD */,
				B69F9CB821E7878000C9837F /* Products */,
				2BD2E3BBA25A4D10198DD2EA /* Pods */,
				46CAA57EB0F7822751068A37 /* Frameworks */,
			);
			sourceTree = "<group>";
		};
		B69F9CB821E7878000C9837F /* Products */ = {
			isa = PBXGroup;
			children = (
				B69F9CB721E7878000C9837F /* RealmCRUD.app */,
			);
			name = Products;
			sourceTree = "<group>";
		};
		B69F9CB921E7878000C9837F /* RealmCRUD */ = {
			isa = PBXGroup;
			children = (
				B69F9CBA21E7878000C9837F /* AppDelegate.swift */,
				B69F9CBC21E7878000C9837F /* ViewController.swift */,
				B69F9CBE21E7878000C9837F /* Main.storyboard */,
				B69F9CC121E7878100C9837F /* Assets.xcassets */,
				B69F9CC321E7878100C9837F /* LaunchScreen.storyboard */,
				B69F9CC621E7878100C9837F /* Info.plist */,
			);
			path = RealmCRUD;
			sourceTree = "<group>";
		};
/* End PBXGroup section */

/* Begin PBXNativeTarget section */
		B69F9CB621E7878000C9837F /* RealmCRUD */ = {
			isa = PBXNativeTarget;
			buildConfigurationList = B69F9CC921E7878100C9837F /* Build configuration list for PBXNativeTarget "RealmCRUD" */;
			buildPhases = (
				0C6E312B42041BF6E29207CD /* [CP] Check Pods Manifest.lock */,
				B69F9CB321E7878000C9837F /* Sources */,
				B69F9CB421E7878000C9837F /* Frameworks */,
				B69F9CB521E7878000C9837F /* Resources */,
				81346EB2BB3BD15AF602ED07 /* [CP] Embed Pods Frameworks */,
			);
			buildRules = (
			);
			dependencies = (
			);
			name = RealmCRUD;
			productName = RealmCRUD;
			productReference = B69F9CB721E7878000C9837F /* RealmCRUD.app */;
			productType = "com.apple.product-type.application";
		};
/* End PBXNativeTarget section */

/* Begin PBXProject section */
		B69F9CAF21E7877F00C9837F /* Project object */ = {
			isa = PBXProject;
			attributes = {
				LastSwiftUpdateCheck = 1010;
				LastUpgradeCheck = 1010;
				ORGANIZATIONNAME = "Bayon Forte";
				TargetAttributes = {
					B69F9CB621E7878000C9837F = {
						CreatedOnToolsVersion = 10.1;
					};
				};
			};
			buildConfigurationList = B69F9CB221E7877F00C9837F /* Build configuration list for PBXProject "RealmCRUD" */;
			compatibilityVersion = "Xcode 9.3";
			developmentRegion = en;
			hasScannedForEncodings = 0;
			knownRegions = (
				en,
				Base,
			);
			mainGroup = B69F9CAE21E7877F00C9837F;
			productRefGroup = B69F9CB821E7878000C9837F /* Products */;
			projectDirPath = "";
			projectRoot = "";
			targets = (
				B69F9CB621E7878000C9837F /* RealmCRUD */,
			);
		};
/* End PBXProject section */

/* Begin PBXResourcesBuildPhase section */
		B69F9CB521E7878000C9837F /* Resources */ = {
			isa = PBXResourcesBuildPhase;
			buildActionMask = 2147483647;
			files = (
				B69F9CC521E7878100C9837F /* LaunchScreen.storyboard in Resources */,
				B69F9CC221E7878100C9837F /* Assets.xcassets in Resources */,
				B69F9CC021E7878000C9837F /* Main.storyboard in Resources */,
			);
			runOnlyForDeploymentPostprocessing = 0;
		};
/* End PBXResourcesBuildPhase section */

/* Begin PBXShellScriptBuildPhase section */
		0C6E312B42041BF6E29207CD /* [CP] Check Pods Manifest.lock */ = {
			isa = PBXShellScriptBuildPhase;
			buildActionMask = 2147483647;
			files = (
			);
			inputFileListPaths = (
			);
			inputPaths = (
				"${PODS_PODFILE_DIR_PATH}/Podfile.lock",
				"${PODS_ROOT}/Manifest.lock",
			);
			name = "[CP] Check Pods Manifest.lock";
			outputFileListPaths = (
			);
			outputPaths = (
				"$(DERIVED_FILE_DIR)/Pods-RealmCRUD-checkManifestLockResult.txt",
			);
			runOnlyForDeploymentPostprocessing = 0;
			shellPath = /bin/sh;
			shellScript = "diff \"${PODS_PODFILE_DIR_PATH}/Podfile.lock\" \"${PODS_ROOT}/Manifest.lock\" > /dev/null\nif [ $? != 0 ] ; then\n    # print error to STDERR\n    echo \"error: The sandbox is not in sync with the Podfile.lock. Run 'pod install' or update your CocoaPods installation.\" >&2\n    exit 1\nfi\n# This output is used by Xcode 'outputs' to avoid re-running this script phase.\necho \"SUCCESS\" > \"${SCRIPT_OUTPUT_FILE_0}\"\n";
			showEnvVarsInLog = 0;
		};
		81346EB2BB3BD15AF602ED07 /* [CP] Embed Pods Frameworks */ = {
			isa = PBXShellScriptBuildPhase;
			buildActionMask = 2147483647;
			files = (
			);
			inputFileListPaths = (
			);
			inputPaths = (
				"${SRCROOT}/Pods/Target Support Files/Pods-RealmCRUD/Pods-RealmCRUD-frameworks.sh",
				"${BUILT_PRODUCTS_DIR}/Realm/Realm.framework",
				"${BUILT_PRODUCTS_DIR}/RealmSwift/RealmSwift.framework",
			);
			name = "[CP] Embed Pods Frameworks";
			outputFileListPaths = (
			);
			outputPaths = (
				"${TARGET_BUILD_DIR}/${FRAMEWORKS_FOLDER_PATH}/Realm.framework",
				"${TARGET_BUILD_DIR}/${FRAMEWORKS_FOLDER_PATH}/RealmSwift.framework",
			);
			runOnlyForDeploymentPostprocessing = 0;
			shellPath = /bin/sh;
			shellScript = "\"${SRCROOT}/Pods/Target Support Files/Pods-RealmCRUD/Pods-RealmCRUD-frameworks.sh\"\n";
			showEnvVarsInLog = 0;
		};
/* End PBXShellScriptBuildPhase section */

/* Begin PBXSourcesBuildPhase section */
		B69F9CB321E7878000C9837F /* Sources */ = {
			isa = PBXSourcesBuildPhase;
			buildActionMask = 2147483647;
			files = (
				B69F9CBD21E7878000C9837F /* ViewController.swift in Sources */,
				B69F9CBB21E7878000C9837F /* AppDelegate.swift in Sources */,
			);
			runOnlyForDeploymentPostprocessing = 0;
		};
/* End PBXSourcesBuildPhase section */

/* Begin PBXVariantGroup section */
		B69F9CBE21E7878000C9837F /* Main.storyboard */ = {
			isa = PBXVariantGroup;
			children = (
				B69F9CBF21E7878000C9837F /* Base */,
			);
			name = Main.storyboard;
			sourceTree = "<group>";
		};
		B69F9CC321E7878100C9837F /* LaunchScreen.storyboard */ = {
			isa = PBXVariantGroup;
			children = (
				B69F9CC421E7878100C9837F /* Base */,
			);
			name = LaunchScreen.storyboard;
			sourceTree = "<group>";
		};
/* End PBXVariantGroup section */

/* Begin XCBuildConfiguration section */
		B69F9CC721E7878100C9837F /* Debug */ = {
			isa = XCBuildConfiguration;
			buildSettings = {
				ALWAYS_SEARCH_USER_PATHS = NO;
				CLANG_ANALYZER_NONNULL = YES;
				CLANG_ANALYZER_NUMBER_OBJECT_CONVERSION = YES_AGGRESSIVE;
				CLANG_CXX_LANGUAGE_STANDARD = "gnu++14";
				CLANG_CXX_LIBRARY = "libc++";
				CLANG_ENABLE_MODULES = YES;
				CLANG_ENABLE_OBJC_ARC = YES;
				CLANG_ENABLE_OBJC_WEAK = YES;
				CLANG_WARN_BLOCK_CAPTURE_AUTORELEASING = YES;
				CLANG_WARN_BOOL_CONVERSION = YES;
				CLANG_WARN_COMMA = YES;
				CLANG_WARN_CONSTANT_CONVERSION = YES;
				CLANG_WARN_DEPRECATED_OBJC_IMPLEMENTATIONS = YES;
				CLANG_WARN_DIRECT_OBJC_ISA_USAGE = YES_ERROR;
				CLANG_WARN_DOCUMENTATION_COMMENTS = YES;
				CLANG_WARN_EMPTY_BODY = YES;
				CLANG_WARN_ENUM_CONVERSION = YES;
				CLANG_WARN_INFINITE_RECURSION = YES;
				CLANG_WARN_INT_CONVERSION = YES;
				CLANG_WARN_NON_LITERAL_NULL_CONVERSION = YES;
				CLANG_WARN_OBJC_IMPLICIT_RETAIN_SELF = YES;
				CLANG_WARN_OBJC_LITERAL_CONVERSION = YES;
				CLANG_WARN_OBJC_ROOT_CLASS = YES_ERROR;
				CLANG_WARN_RANGE_LOOP_ANALYSIS = YES;
				CLANG_WARN_STRICT_PROTOTYPES = YES;
				CLANG_WARN_SUSPICIOUS_MOVE = YES;
				CLANG_WARN_UNGUARDED_AVAILABILITY = YES_AGGRESSIVE;
				CLANG_WARN_UNREACHABLE_CODE = YES;
				CLANG_WARN__DUPLICATE_METHOD_MATCH = YES;
				CODE_SIGN_IDENTITY = "iPhone Developer";
				COPY_PHASE_STRIP = NO;
				DEBUG_INFORMATION_FORMAT = dwarf;
				ENABLE_STRICT_OBJC_MSGSEND = YES;
				ENABLE_TESTABILITY = YES;
				GCC_C_LANGUAGE_STANDARD = gnu11;
				GCC_DYNAMIC_NO_PIC = NO;
				GCC_NO_COMMON_BLOCKS = YES;
				GCC_OPTIMIZATION_LEVEL = 0;
				GCC_PREPROCESSOR_DEFINITIONS = (
					"DEBUG=1",
					"$(inherited)",
				);
				GCC_WARN_64_TO_32_BIT_CONVERSION = YES;
				GCC_WARN_ABOUT_RETURN_TYPE = YES_ERROR;
				GCC_WARN_UNDECLARED_SELECTOR = YES;
				GCC_WARN_UNINITIALIZED_AUTOS = YES_AGGRESSIVE;
				GCC_WARN_UNUSED_FUNCTION = YES;
				GCC_WARN_UNUSED_VARIABLE = YES;
				IPHONEOS_DEPLOYMENT_TARGET = 12.1;
				MTL_ENABLE_DEBUG_INFO = INCLUDE_SOURCE;
				MTL_FAST_MATH = YES;
				ONLY_ACTIVE_ARCH = YES;
				SDKROOT = iphoneos;
				SWIFT_ACTIVE_COMPILATION_CONDITIONS = DEBUG;
				SWIFT_OPTIMIZATION_LEVEL = "-Onone";
			};
			name = Debug;
		};
		B69F9CC821E7878100C9837F /* Release */ = {
			isa = XCBuildConfiguration;
			buildSettings = {
				ALWAYS_SEARCH_USER_PATHS = NO;
				CLANG_ANALYZER_NONNULL = YES;
				CLANG_ANALYZER_NUMBER_OBJECT_CONVERSION = YES_AGGRESSIVE;
				CLANG_CXX_LANGUAGE_STANDARD = "gnu++14";
				CLANG_CXX_LIBRARY = "libc++";
				CLANG_ENABLE_MODULES = YES;
				CLANG_ENABLE_OBJC_ARC = YES;
				CLANG_ENABLE_OBJC_WEAK = YES;
				CLANG_WARN_BLOCK_CAPTURE_AUTORELEASING = YES;
				CLANG_WARN_BOOL_CONVERSION = YES;
				CLANG_WARN_COMMA = YES;
				CLANG_WARN_CONSTANT_CONVERSION = YES;
				CLANG_WARN_DEPRECATED_OBJC_IMPLEMENTATIONS = YES;
				CLANG_WARN_DIRECT_OBJC_ISA_USAGE = YES_ERROR;
				CLANG_WARN_DOCUMENTATION_COMMENTS = YES;
				CLANG_WARN_EMPTY_BODY = YES;
				CLANG_WARN_ENUM_CONVERSION = YES;
				CLANG_WARN_INFINITE_RECURSION = YES;
				CLANG_WARN_INT_CONVERSION = YES;
				CLANG_WARN_NON_LITERAL_NULL_CONVERSION = YES;
				CLANG_WARN_OBJC_IMPLICIT_RETAIN_SELF = YES;
				CLANG_WARN_OBJC_LITERAL_CONVERSION = YES;
				CLANG_WARN_OBJC_ROOT_CLASS = YES_ERROR;
				CLANG_WARN_RANGE_LOOP_ANALYSIS = YES;
				CLANG_WARN_STRICT_PROTOTYPES = YES;
				CLANG_WARN_SUSPICIOUS_MOVE = YES;
				CLANG_WARN_UNGUARDED_AVAILABILITY = YES_AGGRESSIVE;
				CLANG_WARN_UNREACHABLE_CODE = YES;
				CLANG_WARN__DUPLICATE_METHOD_MATCH = YES;
				CODE_SIGN_IDENTITY = "iPhone Developer";
				COPY_PHASE_STRIP = NO;
				DEBUG_INFORMATION_FORMAT = "dwarf-with-dsym";
				ENABLE_NS_ASSERTIONS = NO;
				ENABLE_STRICT_OBJC_MSGSEND = YES;
				GCC_C_LANGUAGE_STANDARD = gnu11;
				GCC_NO_COMMON_BLOCKS = YES;
				GCC_WARN_64_TO_32_BIT_CONVERSION = YES;
				GCC_WARN_ABOUT_RETURN_TYPE = YES_ERROR;
				GCC_WARN_UNDECLARED_SELECTOR = YES;
				GCC_WARN_UNINITIALIZED_AUTOS = YES_AGGRESSIVE;
				GCC_WARN_UNUSED_FUNCTION = YES;
				GCC_WARN_UNUSED_VARIABLE = YES;
				IPHONEOS_DEPLOYMENT_TARGET = 12.1;
				MTL_ENABLE_DEBUG_INFO = NO;
				MTL_FAST_MATH = YES;
				SDKROOT = iphoneos;
				SWIFT_COMPILATION_MODE = wholemodule;
				SWIFT_OPTIMIZATION_LEVEL = "-O";
				VALIDATE_PRODUCT = YES;
			};
			name = Release;
		};
		B69F9CCA21E7878100C9837F /* Debug */ = {
			isa = XCBuildConfiguration;
			baseConfigurationReference = F71E50551E36D5784C739395 /* Pods-RealmCRUD.debug.xcconfig */;
			buildSettings = {
				ASSETCATALOG_COMPILER_APPICON_NAME = AppIcon;
				CODE_SIGN_STYLE = Automatic;
				INFOPLIST_FILE = RealmCRUD/Info.plist;
				LD_RUNPATH_SEARCH_PATHS = (
					"$(inherited)",
					"@executable_path/Frameworks",
				);
				PRODUCT_BUNDLE_IDENTIFIER = com.forteworks.www.RealmCRUD;
				PRODUCT_NAME = "$(TARGET_NAME)";
				SWIFT_VERSION = 4.2;
				TARGETED_DEVICE_FAMILY = "1,2";
			};
			name = Debug;
		};
		B69F9CCB21E7878100C9837F /* Release */ = {
			isa = XCBuildConfiguration;
			baseConfigurationReference = 46F69CA5E96B4942BF8253FC /* Pods-RealmCRUD.release.xcconfig */;
			buildSettings = {
				ASSETCATALOG_COMPILER_APPICON_NAME = AppIcon;
				CODE_SIGN_STYLE = Automatic;
				INFOPLIST_FILE = RealmCRUD/Info.plist;
				LD_RUNPATH_SEARCH_PATHS = (
					"$(inherited)",
					"@executable_path/Frameworks",
				);
				PRODUCT_BUNDLE_IDENTIFIER = com.forteworks.www.RealmCRUD;
				PRODUCT_NAME = "$(TARGET_NAME)";
				SWIFT_VERSION = 4.2;
				TARGETED_DEVICE_FAMILY = "1,2";
			};
			name = Release;
		};
/* End XCBuildConfiguration section */

/* Begin XCConfigurationList section */
		B69F9CB221E7877F00C9837F /* Build configuration list for PBXProject "RealmCRUD" */ = {
			isa = XCConfigurationList;
			buildConfigurations = (
				B69F9CC721E7878100C9837F /* Debug */,
				B69F9CC821E7878100C9837F /* Release */,
			);
			defaultConfigurationIsVisible = 0;
			defaultConfigurationName = Release;
		};
		B69F9CC921E7878100C9837F /* Build configuration list for PBXNativeTarget "RealmCRUD" */ = {
			isa = XCConfigurationList;
			buildConfigurations = (
				B69F9CCA21E7878100C9837F /* Debug */,
				B69F9CCB21E7878100C9837F /* Release */,
			);
			defaultConfigurationIsVisible = 0;
			defaultConfigurationName = Release;
		};
/* End XCConfigurationList section */
	};
	rootObject = B69F9CAF21E7877F00C9837F /* Project object */;
}
